
Microsoft Visual Studio Solution File, Format Version 12.00
# Visual Studio Version 17
VisualStudioVersion = 17.2.32519.379
MinimumVisualStudioVersion = 10.0.40219.1
Project("{FAE04EC0-301F-11D3-BF4B-00C04F79EFBC}") = "ASPDependency", "ASPDependency.csproj", "{316673E7-1912-4149-B92B-3847EEBD3828}"
EndProject
Global
	GlobalSection(SolutionConfigurationPlatforms) = preSolution
		Debug|Any CPU = Debug|Any CPU
		Release|Any CPU = Release|Any CPU
	EndGlobalSection
	GlobalSection(ProjectConfigurationPlatforms) = postSolution
		{316673E7-1912-4149-B92B-3847EEBD3828}.Debug|Any CPU.ActiveCfg = Debug|Any CPU
		{316673E7-1912-4149-B92B-3847EEBD3828}.Debug|Any CPU.Build.0 = Debug|Any CPU
		{316673E7-1912-4149-B92B-3847EEBD3828}.Release|Any CPU.ActiveCfg = Release|Any CPU
		{316673E7-1912-4149-B92B-3847EEBD3828}.Release|Any CPU.Build.0 = Release|Any CPU
	EndGlobalSection
	GlobalSection(SolutionProperties) = preSolution
		HideSolutionNode = FALSE
	EndGlobalSection
	GlobalSection(ExtensibilityGlobals) = postSolution
		SolutionGuid = {8070D3A4-295C-4223-88B2-97022B34CA6C}
	EndGlobalSection
EndGlobal
